
Microsoft Visual Studio Solution File, Format Version 12.00
# Visual Studio 15
VisualStudioVersion = 15.0.26730.16
MinimumVisualStudioVersion = 10.0.40219.1
Project("{FAE04EC0-301F-11D3-BF4B-00C04F79EFBC}") = "Objekt orienteret programmering", "Objekt orienteret programmering\Objekt orienteret programmering.csproj", "{588F93CE-A173-435D-AC74-2EC1D224B13C}"
EndProject
Global
	GlobalSection(SolutionConfigurationPlatforms) = preSolution
		Debug|Any CPU = Debug|Any CPU
		Release|Any CPU = Release|Any CPU
	EndGlobalSection
	GlobalSection(ProjectConfigurationPlatforms) = postSolution
		{588F93CE-A173-435D-AC74-2EC1D224B13C}.Debug|Any CPU.ActiveCfg = Debug|Any CPU
		{588F93CE-A173-435D-AC74-2EC1D224B13C}.Debug|Any CPU.Build.0 = Debug|Any CPU
		{588F93CE-A173-435D-AC74-2EC1D224B13C}.Release|Any CPU.ActiveCfg = Release|Any CPU
		{588F93CE-A173-435D-AC74-2EC1D224B13C}.Release|Any CPU.Build.0 = Release|Any CPU
	EndGlobalSection
	GlobalSection(SolutionProperties) = preSolution
		HideSolutionNode = FALSE
	EndGlobalSection
	GlobalSection(ExtensibilityGlobals) = postSolution
		SolutionGuid = {2D0A662A-4A0F-40C9-BCD5-34269AB41C47}
	EndGlobalSection
EndGlobal
